<Solution>
  <Folder Name="/build/" />
  <Folder Name="/src/" />
  <Folder Name="/src/API/" />
  <Folder Name="/src/Application/">
    <Project Path="src/Application/Albadry.D365.Application/Albadry.D365.Application.csproj" />
  </Folder>
  <Folder Name="/src/CodeActivities/" />
  <Folder Name="/src/CodeActivities/CoreEntities/">
    <Project Path="src/CodeActivities/CoreEntities/Albadry.D365.CodeActivities.CoreEntities/Albadry.D365.CodeActivities.CoreEntities.csproj" />
  </Folder>
  <Folder Name="/src/CodeActivities/CustomEntities/">
    <Project Path="src/CodeActivities/CustomEntities/Albadry.D365.CodeActivities.CustomEntities/Albadry.D365.CodeActivities.CustomEntities.csproj" />
  </Folder>
  <Folder Name="/src/CodeActivities/Integrations/">
    <Project Path="src/CodeActivities/Integrations/Albadry.D365.CodeActivities.Integrations/Albadry.D365.CodeActivities.Integrations.csproj" />
  </Folder>
  <Folder Name="/src/CodeActivities/Notifications/">
    <Project Path="src/CodeActivities/Notifications/Albadry.D365.CodeActivities.Notifications/Albadry.D365.CodeActivities.Notifications.csproj" />
  </Folder>
  <Folder Name="/src/Domain/">
    <Folder Name="/src/Domain/EarlyBound/">
      <Folder Name="/src/Domain/EarlyBound/EarlyBoundFactory/">
        <File Path="src/Domain/Albadry.D365.Domain/EarlyBound/EarlyBoundFactory/earlybound.ps1" />
        <File Path="src/Domain/Albadry.D365.Domain/EarlyBound/EarlyBoundFactory/earlybound.configuration.json" />
        <File Path="src/Domain/Albadry.D365.Domain/EarlyBound/EarlyBoundFactory/earlybound.metadata.json" />
        <File Path="src/Domain/Albadry.D365.Domain/EarlyBound/EarlyBoundFactory/Microsoft.PowerShell_profile.ps1" />
        <File Path="src/Domain/Albadry.D365.Domain/EarlyBound/EarlyBoundFactory/README_EarlyBound.md" />
        <File Path="src/Domain/Albadry.D365.Domain/EarlyBound/EarlyBoundFactory/POWERSHELL-PROFILE-SETUP.md" />
        <File Path="src/Domain/Albadry.D365.Domain/EarlyBound/EarlyBoundFactory/OPTIONSETS-LIMITATION.md" />
        <File Path="src/Domain/Albadry.D365.Domain/EarlyBound/EarlyBoundFactory/OPTIONSET-FILTERING-SOLUTION.md" />
        <File Path="src/Domain/Albadry.D365.Domain/EarlyBound/EarlyBoundFactory/PATH-BEST-PRACTICES.md" />
      </Folder>
      <Folder Name="/src/Domain/EarlyBound/EarlyBoundClasses/">
        <File Path="src/Domain/Albadry.D365.Domain/EarlyBound/EarlyBoundClasses/CrmServiceContext.cs" />
        <File Path="src/Domain/Albadry.D365.Domain/EarlyBound/EarlyBoundClasses/EntityOptionSetEnum.cs" />
        <File Path="src/Domain/Albadry.D365.Domain/EarlyBound/EarlyBoundClasses/earlybound.log" />
        <Folder Name="/src/Domain/EarlyBound/EarlyBoundClasses/Entities/">
          <File Path="src/Domain/Albadry.D365.Domain/EarlyBound/EarlyBoundClasses/Entities/account.cs" />
          <File Path="src/Domain/Albadry.D365.Domain/EarlyBound/EarlyBoundClasses/Entities/activitypointer.cs" />
          <File Path="src/Domain/Albadry.D365.Domain/EarlyBound/EarlyBoundClasses/Entities/contact.cs" />
        </Folder>
        <Folder Name="/src/Domain/EarlyBound/EarlyBoundClasses/Messages/">
          <File Path="src/Domain/Albadry.D365.Domain/EarlyBound/EarlyBoundClasses/Messages/adx_AzureBlobStorageUrl.cs" />
          <File Path="src/Domain/Albadry.D365.Domain/EarlyBound/EarlyBoundClasses/Messages/adx_SendEmailConfirmationToContact.cs" />
          <File Path="src/Domain/Albadry.D365.Domain/EarlyBound/EarlyBoundClasses/Messages/msdyn_CloneAttachmentsPluginAction.cs" />
        </Folder>
        <Folder Name="/src/Domain/EarlyBound/EarlyBoundClasses/OptionSets/">
          <File Path="src/Domain/Albadry.D365.Domain/EarlyBound/EarlyBoundClasses/OptionSets/fullsyncstate.cs" />
          <File Path="src/Domain/Albadry.D365.Domain/EarlyBound/EarlyBoundClasses/OptionSets/msdyn_flow_approval_priority.cs" />
          <File Path="src/Domain/Albadry.D365.Domain/EarlyBound/EarlyBoundClasses/OptionSets/powerpagelanguages.cs" />
        </Folder>
      </Folder>
    </Folder>
    <Project Path="src/Domain/Albadry.D365.Domain/Albadry.D365.Domain.csproj" />
  </Folder>
  <Folder Name="/src/Infrastructure/">
    <Project Path="src/Infrastructure/Albadry.D365.Infrastructure/Albadry.D365.Infrastructure.csproj" />
  </Folder>
  <Folder Name="/src/Plugins/" />
  <Folder Name="/src/Plugins/CoreEntities/">
    <Project Path="src/Plugins/CoreEntities/Albadry.D365.Plugins.CoreEntities/Albadry.D365.Plugins.CoreEntities.csproj" />
  </Folder>
  <Folder Name="/src/Plugins/CustomEntities/">
    <Project Path="src/Plugins/CustomEntities/Albadry.D365.Plugins.CustomEntities/Albadry.D365.Plugins.CustomEntities.csproj" />
  </Folder>
  <Folder Name="/src/Plugins/Integrations/">
    <Project Path="src/Plugins/Integrations/Albadry.D365.Plugins.Integrations/Albadry.D365.Plugins.Integrations.csproj" />
  </Folder>
  <Folder Name="/src/Plugins/Notifications/">
    <Project Path="src/Plugins/Notifications/Albadry.D365.Plugins.Notifications/Albadry.D365.Plugins.Notifications.csproj" />
  </Folder>
  <Folder Name="/src/Shared/">
    <Project Path="src/Shared/Albadry.D365.Shared/Albadry.D365.Shared.csproj" />
  </Folder>
  <Folder Name="/tests/">
    <Project Path="tests/Albadry.D365.Tests/Albadry.D365.Tests.csproj" />
  </Folder>
</Solution>